
Microsoft Visual Studio Solution File, Format Version 12.00
# Visual Studio Version 16
VisualStudioVersion = 16.0.30011.22
MinimumVisualStudioVersion = 15.0.26124.0
Project("{9A19103F-16F7-4668-BE54-9A1E7A4F7556}") = "Domain", "Domain\Domain.csproj", "{A3A91557-C46A-4DEB-919C-0CCB171490C7}"
EndProject
Project("{9A19103F-16F7-4668-BE54-9A1E7A4F7556}") = "Application", "Application\Application.csproj", "{FA960D80-FBBD-484D-87CF-50E8AC51C081}"
EndProject
Project("{9A19103F-16F7-4668-BE54-9A1E7A4F7556}") = "Persistence", "Persistence\Persistence.csproj", "{F3850F4B-AC29-4427-92CE-40144BB3CC7D}"
EndProject
Project("{9A19103F-16F7-4668-BE54-9A1E7A4F7556}") = "API", "API\API.csproj", "{955B04AB-2273-4ADF-851A-92964A051587}"
EndProject
Project("{2150E333-8FDC-42A3-9474-1A3956D46DE8}") = "Solution Items", "Solution Items", "{5D666A45-C3A6-492E-B47A-D6601A866AD3}"
	ProjectSection(SolutionItems) = preProject
		.gtignore = .gtignore
	EndProjectSection
EndProject
Global
	GlobalSection(SolutionConfigurationPlatforms) = preSolution
		Debug|Any CPU = Debug|Any CPU
		Debug|x64 = Debug|x64
		Debug|x86 = Debug|x86
		Release|Any CPU = Release|Any CPU
		Release|x64 = Release|x64
		Release|x86 = Release|x86
	EndGlobalSection
	GlobalSection(ProjectConfigurationPlatforms) = postSolution
		{A3A91557-C46A-4DEB-919C-0CCB171490C7}.Debug|Any CPU.ActiveCfg = Debug|Any CPU
		{A3A91557-C46A-4DEB-919C-0CCB171490C7}.Debug|Any CPU.Build.0 = Debug|Any CPU
		{A3A91557-C46A-4DEB-919C-0CCB171490C7}.Debug|x64.ActiveCfg = Debug|Any CPU
		{A3A91557-C46A-4DEB-919C-0CCB171490C7}.Debug|x64.Build.0 = Debug|Any CPU
		{A3A91557-C46A-4DEB-919C-0CCB171490C7}.Debug|x86.ActiveCfg = Debug|Any CPU
		{A3A91557-C46A-4DEB-919C-0CCB171490C7}.Debug|x86.Build.0 = Debug|Any CPU
		{A3A91557-C46A-4DEB-919C-0CCB171490C7}.Release|Any CPU.ActiveCfg = Release|Any CPU
		{A3A91557-C46A-4DEB-919C-0CCB171490C7}.Release|Any CPU.Build.0 = Release|Any CPU
		{A3A91557-C46A-4DEB-919C-0CCB171490C7}.Release|x64.ActiveCfg = Release|Any CPU
		{A3A91557-C46A-4DEB-919C-0CCB171490C7}.Release|x64.Build.0 = Release|Any CPU
		{A3A91557-C46A-4DEB-919C-0CCB171490C7}.Release|x86.ActiveCfg = Release|Any CPU
		{A3A91557-C46A-4DEB-919C-0CCB171490C7}.Release|x86.Build.0 = Release|Any CPU
		{FA960D80-FBBD-484D-87CF-50E8AC51C081}.Debug|Any CPU.ActiveCfg = Debug|Any CPU
		{FA960D80-FBBD-484D-87CF-50E8AC51C081}.Debug|Any CPU.Build.0 = Debug|Any CPU
		{FA960D80-FBBD-484D-87CF-50E8AC51C081}.Debug|x64.ActiveCfg = Debug|Any CPU
		{FA960D80-FBBD-484D-87CF-50E8AC51C081}.Debug|x64.Build.0 = Debug|Any CPU
		{FA960D80-FBBD-484D-87CF-50E8AC51C081}.Debug|x86.ActiveCfg = Debug|Any CPU
		{FA960D80-FBBD-484D-87CF-50E8AC51C081}.Debug|x86.Build.0 = Debug|Any CPU
		{FA960D80-FBBD-484D-87CF-50E8AC51C081}.Release|Any CPU.ActiveCfg = Release|Any CPU
		{FA960D80-FBBD-484D-87CF-50E8AC51C081}.Release|Any CPU.Build.0 = Release|Any CPU
		{FA960D80-FBBD-484D-87CF-50E8AC51C081}.Release|x64.ActiveCfg = Release|Any CPU
		{FA960D80-FBBD-484D-87CF-50E8AC51C081}.Release|x64.Build.0 = Release|Any CPU
		{FA960D80-FBBD-484D-87CF-50E8AC51C081}.Release|x86.ActiveCfg = Release|Any CPU
		{FA960D80-FBBD-484D-87CF-50E8AC51C081}.Release|x86.Build.0 = Release|Any CPU
		{F3850F4B-AC29-4427-92CE-40144BB3CC7D}.Debug|Any CPU.ActiveCfg = Debug|Any CPU
		{F3850F4B-AC29-4427-92CE-40144BB3CC7D}.Debug|Any CPU.Build.0 = Debug|Any CPU
		{F3850F4B-AC29-4427-92CE-40144BB3CC7D}.Debug|x64.ActiveCfg = Debug|Any CPU
		{F3850F4B-AC29-4427-92CE-40144BB3CC7D}.Debug|x64.Build.0 = Debug|Any CPU
		{F3850F4B-AC29-4427-92CE-40144BB3CC7D}.Debug|x86.ActiveCfg = Debug|Any CPU
		{F3850F4B-AC29-4427-92CE-40144BB3CC7D}.Debug|x86.Build.0 = Debug|Any CPU
		{F3850F4B-AC29-4427-92CE-40144BB3CC7D}.Release|Any CPU.ActiveCfg = Release|Any CPU
		{F3850F4B-AC29-4427-92CE-40144BB3CC7D}.Release|Any CPU.Build.0 = Release|Any CPU
		{F3850F4B-AC29-4427-92CE-40144BB3CC7D}.Release|x64.ActiveCfg = Release|Any CPU
		{F3850F4B-AC29-4427-92CE-40144BB3CC7D}.Release|x64.Build.0 = Release|Any CPU
		{F3850F4B-AC29-4427-92CE-40144BB3CC7D}.Release|x86.ActiveCfg = Release|Any CPU
		{F3850F4B-AC29-4427-92CE-40144BB3CC7D}.Release|x86.Build.0 = Release|Any CPU
		{955B04AB-2273-4ADF-851A-92964A051587}.Debug|Any CPU.ActiveCfg = Debug|Any CPU
		{955B04AB-2273-4ADF-851A-92964A051587}.Debug|Any CPU.Build.0 = Debug|Any CPU
		{955B04AB-2273-4ADF-851A-92964A051587}.Debug|x64.ActiveCfg = Debug|Any CPU
		{955B04AB-2273-4ADF-851A-92964A051587}.Debug|x64.Build.0 = Debug|Any CPU
		{955B04AB-2273-4ADF-851A-92964A051587}.Debug|x86.ActiveCfg = Debug|Any CPU
		{955B04AB-2273-4ADF-851A-92964A051587}.Debug|x86.Build.0 = Debug|Any CPU
		{955B04AB-2273-4ADF-851A-92964A051587}.Release|Any CPU.ActiveCfg = Release|Any CPU
		{955B04AB-2273-4ADF-851A-92964A051587}.Release|Any CPU.Build.0 = Release|Any CPU
		{955B04AB-2273-4ADF-851A-92964A051587}.Release|x64.ActiveCfg = Release|Any CPU
		{955B04AB-2273-4ADF-851A-92964A051587}.Release|x64.Build.0 = Release|Any CPU
		{955B04AB-2273-4ADF-851A-92964A051587}.Release|x86.ActiveCfg = Release|Any CPU
		{955B04AB-2273-4ADF-851A-92964A051587}.Release|x86.Build.0 = Release|Any CPU
	EndGlobalSection
	GlobalSection(SolutionProperties) = preSolution
		HideSolutionNode = FALSE
	EndGlobalSection
	GlobalSection(ExtensibilityGlobals) = postSolution
		SolutionGuid = {FD907CE6-6DD1-4104-AF8C-696FC35E18FC}
	EndGlobalSection
EndGlobal
